{
  "lockfile_version": "1",
  "packages": {
    "kind@0.23.0": {
      "last_modified": "2024-07-07T07:43:47Z",
      "resolved": "github:NixOS/nixpkgs/b60793b86201040d9dee019a05089a9150d08b5b#kind",
      "source": "devbox-search",
      "version": "0.23.0",
      "systems": {
        "aarch64-darwin": {
          "outputs": [
            {
              "name": "out",
              "path": "/nix/store/kn3x8vljiwhbz2p9fh6dhvff2r57m892-kind-0.23.0",
              "default": true
            }
          ],
          "store_path": "/nix/store/kn3x8vljiwhbz2p9fh6dhvff2r57m892-kind-0.23.0"
        },
        "aarch64-linux": {
          "outputs": [
            {
              "name": "out",
              "path": "/nix/store/pwmwgq2jfnxhzg7n7f4bl7b0pqjdiw5s-kind-0.23.0",
              "default": true
            }
          ],
          "store_path": "/nix/store/pwmwgq2jfnxhzg7n7f4bl7b0pqjdiw5s-kind-0.23.0"
        },
        "x86_64-darwin": {
          "outputs": [
            {
              "name": "out",
              "path": "/nix/store/84yfg589787wmrvcb9i3vchv3l9yrd05-kind-0.23.0",
              "default": true
            }
          ],
          "store_path": "/nix/store/84yfg589787wmrvcb9i3vchv3l9yrd05-kind-0.23.0"
        },
        "x86_64-linux": {
          "outputs": [
            {
              "name": "out",
              "path": "/nix/store/myyvm5vrs2axpahfw74bgpax6fw7nmxa-kind-0.23.0",
              "default": true
            }
          ],
          "store_path": "/nix/store/myyvm5vrs2axpahfw74bgpax6fw7nmxa-kind-0.23.0"
        }
      }
    },
    "teller@2.0.7": {
      "last_modified": "2024-07-07T07:43:47Z",
      "resolved": "github:NixOS/nixpkgs/b60793b86201040d9dee019a05089a9150d08b5b#teller",
      "source": "devbox-search",
      "version": "2.0.7",
      "systems": {
        "aarch64-darwin": {
          "outputs": [
            {
              "name": "out",
              "path": "/nix/store/r4226bx64i0cf7mfxandg7zzglqxszcq-teller-2.0.7",
              "default": true
            }
          ],
          "store_path": "/nix/store/r4226bx64i0cf7mfxandg7zzglqxszcq-teller-2.0.7"
        },
        "aarch64-linux": {
          "outputs": [
            {
              "name": "out",
              "path": "/nix/store/4qvxahm7bfz0zkaiif4ymk2nr4wis1v0-teller-2.0.7",
              "default": true
            }
          ],
          "store_path": "/nix/store/4qvxahm7bfz0zkaiif4ymk2nr4wis1v0-teller-2.0.7"
        },
        "x86_64-darwin": {
          "outputs": [
            {
              "name": "out",
              "path": "/nix/store/a05mzmc0fiy3x1js8rmycwpsfial800m-teller-2.0.7",
              "default": true
            }
          ],
          "store_path": "/nix/store/a05mzmc0fiy3x1js8rmycwpsfial800m-teller-2.0.7"
        },
        "x86_64-linux": {
          "outputs": [
            {
              "name": "out",
              "path": "/nix/store/cpfzq372gajzfrahrawc0w955zn17js3-teller-2.0.7",
              "default": true
            }
          ],
          "store_path": "/nix/store/cpfzq372gajzfrahrawc0w955zn17js3-teller-2.0.7"
        }
      }
    },
    "yq-go@4.44.2": {
      "last_modified": "2024-07-07T07:43:47Z",
      "resolved": "github:NixOS/nixpkgs/b60793b86201040d9dee019a05089a9150d08b5b#yq-go",
      "source": "devbox-search",
      "version": "4.44.2",
      "systems": {
        "aarch64-darwin": {
          "outputs": [
            {
              "name": "out",
              "path": "/nix/store/9ligkp5qi70iw6fkbvwndd4i0q7wsnnm-yq-go-4.44.2",
              "default": true
            }
          ],
          "store_path": "/nix/store/9ligkp5qi70iw6fkbvwndd4i0q7wsnnm-yq-go-4.44.2"
        },
        "aarch64-linux": {
          "outputs": [
            {
              "name": "out",
              "path": "/nix/store/j7q1m9plx6dz6yhqakvm55gdssy9mm77-yq-go-4.44.2",
              "default": true
            }
          ],
          "store_path": "/nix/store/j7q1m9plx6dz6yhqakvm55gdssy9mm77-yq-go-4.44.2"
        },
        "x86_64-darwin": {
          "outputs": [
            {
              "name": "out",
              "path": "/nix/store/mjf8z70gc0yd7df26rb685jcrabpv1ai-yq-go-4.44.2",
              "default": true
            }
          ],
          "store_path": "/nix/store/mjf8z70gc0yd7df26rb685jcrabpv1ai-yq-go-4.44.2"
        },
        "x86_64-linux": {
          "outputs": [
            {
              "name": "out",
              "path": "/nix/store/5acb6ayzsgd0s19ic88rgn6x7xaygffn-yq-go-4.44.2",
              "default": true
            }
          ],
          "store_path": "/nix/store/5acb6ayzsgd0s19ic88rgn6x7xaygffn-yq-go-4.44.2"
        }
      }
    }
  }
}
